<?xml version="1.0" encoding="utf-8"?>
<Project ToolsVersion="4.0" xmlns="http://schemas.microsoft.com/developer/msbuild/2003">
  <ItemGroup>
    <Filter Include="Source">
      <UniqueIdentifier>{4FC737F1-C7A5-4376-A066-2A32D752A2FF}</UniqueIdentifier>
      <Extensions>cpp;c;cc;cxx;c++;cppm;ixx;def;odl;idl;hpj;bat;asm;asmx</Extensions>
    </Filter>
    <Filter Include="Source\Algorithms">
      <UniqueIdentifier>{9f20364e-3c06-4d0b-97d8-189704614e05}</UniqueIdentifier>
    </Filter>
  </ItemGroup>
  <ItemGroup>
    <ClInclude Include="Source\Common.h">
      <Filter>Source</Filter>
    </ClInclude>
    <ClInclude Include="Source\Lexer.h">
      <Filter>Source</Filter>
    </ClInclude>
    <ClInclude Include="Source\Parser.h">
      <Filter>Source</Filter>
    </ClInclude>
    <ClInclude Include="Source\Grammar.h">
      <Filter>Source</Filter>
    </ClInclude>
    <ClInclude Include="Source\JsonValue.h">
      <Filter>Source</Filter>
    </ClInclude>
    <ClInclude Include="Source\StringTransformer.h">
      <Filter>Source</Filter>
    </ClInclude>
    <ClInclude Include="Source\GeneralParseAlgorithm.h">
      <Filter>Source\Algorithms</Filter>
    </ClInclude>
    <ClInclude Include="Source\QuickParseAlgorithm.h">
      <Filter>Source\Algorithms</Filter>
    </ClInclude>
    <ClInclude Include="Source\SlowParseAlgorithm.h">
      <Filter>Source\Algorithms</Filter>
    </ClInclude>
    <ClInclude Include="Source\LookAheadParseAlgorithm.h">
      <Filter>Source\Algorithms</Filter>
    </ClInclude>
  </ItemGroup>
  <ItemGroup>
    <ClCompile Include="Source\Lexer.cpp">
      <Filter>Source</Filter>
    </ClCompile>
    <ClCompile Include="Source\Parser.cpp">
      <Filter>Source</Filter>
    </ClCompile>
    <ClCompile Include="Source\Grammar.cpp">
      <Filter>Source</Filter>
    </ClCompile>
    <ClCompile Include="Source\JsonValue.cpp">
      <Filter>Source</Filter>
    </ClCompile>
    <ClCompile Include="Source\StringTransformer.cpp">
      <Filter>Source</Filter>
    </ClCompile>
    <ClCompile Include="Source\GeneralParseAlgorithm.cpp">
      <Filter>Source\Algorithms</Filter>
    </ClCompile>
    <ClCompile Include="Source\QuickParseAlgorithm.cpp">
      <Filter>Source\Algorithms</Filter>
    </ClCompile>
    <ClCompile Include="Source\SlowParseAlgorithm.cpp">
      <Filter>Source\Algorithms</Filter>
    </ClCompile>
    <ClCompile Include="Source\LookAheadParseAlgorithm.cpp">
      <Filter>Source\Algorithms</Filter>
    </ClCompile>
  </ItemGroup>
</Project>